// !$*UTF8*$!
{
	archiveVersion = 1;
	classes = {
	};
	objectVersion = 50;
	objects = {

/* Begin PBXBuildFile section */
		ABB909BF25AD37E700BEEE41 /* AppDelegate.swift in Sources */ = {isa = PBXBuildFile; fileRef = ABB909BE25AD37E700BEEE41 /* AppDelegate.swift */; };
		ABB909C125AD37E700BEEE41 /* SceneDelegate.swift in Sources */ = {isa = PBXBuildFile; fileRef = ABB909C025AD37E700BEEE41 /* SceneDelegate.swift */; };
		ABB909C325AD37E700BEEE41 /* ViewController.swift in Sources */ = {isa = PBXBuildFile; fileRef = ABB909C225AD37E700BEEE41 /* ViewController.swift */; };
		ABB909C625AD37E700BEEE41 /* Main.storyboard in Resources */ = {isa = PBXBuildFile; fileRef = ABB909C425AD37E700BEEE41 /* Main.storyboard */; };
		ABB909C825AD37E800BEEE41 /* Assets.xcassets in Resources */ = {isa = PBXBuildFile; fileRef = ABB909C725AD37E800BEEE41 /* Assets.xcassets */; };
		ABB909CB25AD37E800BEEE41 /* LaunchScreen.storyboard in Resources */ = {isa = PBXBuildFile; fileRef = ABB909C925AD37E800BEEE41 /* LaunchScreen.storyboard */; };
		ABB909D625AD37E800BEEE41 /* flixsterTests.swift in Sources */ = {isa = PBXBuildFile; fileRef = ABB909D525AD37E800BEEE41 /* flixsterTests.swift */; };
		ABB909E125AD37E800BEEE41 /* flixsterUITests.swift in Sources */ = {isa = PBXBuildFile; fileRef = ABB909E025AD37E800BEEE41 /* flixsterUITests.swift */; };
/* End PBXBuildFile section */

/* Begin PBXContainerItemProxy section */
		ABB909D225AD37E800BEEE41 /* PBXContainerItemProxy */ = {
			isa = PBXContainerItemProxy;
			containerPortal = ABB909B325AD37E700BEEE41 /* Project object */;
			proxyType = 1;
			remoteGlobalIDString = ABB909BA25AD37E700BEEE41;
			remoteInfo = flixster;
		};
		ABB909DD25AD37E800BEEE41 /* PBXContainerItemProxy */ = {
			isa = PBXContainerItemProxy;
			containerPortal = ABB909B325AD37E700BEEE41 /* Project object */;
			proxyType = 1;
			remoteGlobalIDString = ABB909BA25AD37E700BEEE41;
			remoteInfo = flixster;
		};
/* End PBXContainerItemProxy section */

/* Begin PBXFileReference section */
		ABB909BB25AD37E700BEEE41 /* flixster.app */ = {isa = PBXFileReference; explicitFileType = wrapper.application; includeInIndex = 0; path = flixster.app; sourceTree = BUILT_PRODUCTS_DIR; };
		ABB909BE25AD37E700BEEE41 /* AppDelegate.swift */ = {isa = PBXFileReference; lastKnownFileType = sourcecode.swift; path = AppDelegate.swift; sourceTree = "<group>"; };
		ABB909C025AD37E700BEEE41 /* SceneDelegate.swift */ = {isa = PBXFileReference; lastKnownFileType = sourcecode.swift; path = SceneDelegate.swift; sourceTree = "<group>"; };
		ABB909C225AD37E700BEEE41 /* ViewController.swift */ = {isa = PBXFileReference; lastKnownFileType = sourcecode.swift; path = ViewController.swift; sourceTree = "<group>"; };
		ABB909C525AD37E700BEEE41 /* Base */ = {isa = PBXFileReference; lastKnownFileType = file.storyboard; name = Base; path = Base.lproj/Main.storyboard; sourceTree = "<group>"; };
		ABB909C725AD37E800BEEE41 /* Assets.xcassets */ = {isa = PBXFileReference; lastKnownFileType = folder.assetcatalog; path = Assets.xcassets; sourceTree = "<group>"; };
		ABB909CA25AD37E800BEEE41 /* Base */ = {isa = PBXFileReference; lastKnownFileType = file.storyboard; name = Base; path = Base.lproj/LaunchScreen.storyboard; sourceTree = "<group>"; };
		ABB909CC25AD37E800BEEE41 /* Info.plist */ = {isa = PBXFileReference; lastKnownFileType = text.plist.xml; path = Info.plist; sourceTree = "<group>"; };
		ABB909D125AD37E800BEEE41 /* flixsterTests.xctest */ = {isa = PBXFileReference; explicitFileType = wrapper.cfbundle; includeInIndex = 0; path = flixsterTests.xctest; sourceTree = BUILT_PRODUCTS_DIR; };
		ABB909D525AD37E800BEEE41 /* flixsterTests.swift */ = {isa = PBXFileReference; lastKnownFileType = sourcecode.swift; path = flixsterTests.swift; sourceTree = "<group>"; };
		ABB909D725AD37E800BEEE41 /* Info.plist */ = {isa = PBXFileReference; lastKnownFileType = text.plist.xml; path = Info.plist; sourceTree = "<group>"; };
		ABB909DC25AD37E800BEEE41 /* flixsterUITests.xctest */ = {isa = PBXFileReference; explicitFileType = wrapper.cfbundle; includeInIndex = 0; path = flixsterUITests.xctest; sourceTree = BUILT_PRODUCTS_DIR; };
		ABB909E025AD37E800BEEE41 /* flixsterUITests.swift */ = {isa = PBXFileReference; lastKnownFileType = sourcecode.swift; path = flixsterUITests.swift; sourceTree = "<group>"; };
		ABB909E225AD37E800BEEE41 /* Info.plist */ = {isa = PBXFileReference; lastKnownFileType = text.plist.xml; path = Info.plist; sourceTree = "<group>"; };
/* End PBXFileReference section */

/* Begin PBXFrameworksBuildPhase section */
		ABB909B825AD37E700BEEE41 /* Frameworks */ = {
			isa = PBXFrameworksBuildPhase;
			buildActionMask = 2147483647;
			files = (
			);
			runOnlyForDeploymentPostprocessing = 0;
		};
		ABB909CE25AD37E800BEEE41 /* Frameworks */ = {
			isa = PBXFrameworksBuildPhase;
			buildActionMask = 2147483647;
			files = (
			);
			runOnlyForDeploymentPostprocessing = 0;
		};
		ABB909D925AD37E800BEEE41 /* Frameworks */ = {
			isa = PBXFrameworksBuildPhase;
			buildActionMask = 2147483647;
			files = (
			);
			runOnlyForDeploymentPostprocessing = 0;
		};
/* End PBXFrameworksBuildPhase section */

/* Begin PBXGroup section */
		ABB909B225AD37E700BEEE41 = {
			isa = PBXGroup;
			children = (
				ABB909BD25AD37E700BEEE41 /* flixster */,
				ABB909D425AD37E800BEEE41 /* flixsterTests */,
				ABB909DF25AD37E800BEEE41 /* flixsterUITests */,
				ABB909BC25AD37E700BEEE41 /* Products */,
			);
			sourceTree = "<group>";
		};
		ABB909BC25AD37E700BEEE41 /* Products */ = {
			isa = PBXGroup;
			children = (
				ABB909BB25AD37E700BEEE41 /* flixster.app */,
				ABB909D125AD37E800BEEE41 /* flixsterTests.xctest */,
				ABB909DC25AD37E800BEEE41 /* flixsterUITests.xctest */,
			);
			name = Products;
			sourceTree = "<group>";
		};
		ABB909BD25AD37E700BEEE41 /* flixster */ = {
			isa = PBXGroup;
			children = (
				ABB909BE25AD37E700BEEE41 /* AppDelegate.swift */,
				ABB909C025AD37E700BEEE41 /* SceneDelegate.swift */,
				ABB909C225AD37E700BEEE41 /* ViewController.swift */,
				ABB909C425AD37E700BEEE41 /* Main.storyboard */,
				ABB909C725AD37E800BEEE41 /* Assets.xcassets */,
				ABB909C925AD37E800BEEE41 /* LaunchScreen.storyboard */,
				ABB909CC25AD37E800BEEE41 /* Info.plist */,
			);
			path = flixster;
			sourceTree = "<group>";
		};
		ABB909D425AD37E800BEEE41 /* flixsterTests */ = {
			isa = PBXGroup;
			children = (
				ABB909D525AD37E800BEEE41 /* flixsterTests.swift */,
				ABB909D725AD37E800BEEE41 /* Info.plist */,
			);
			path = flixsterTests;
			sourceTree = "<group>";
		};
		ABB909DF25AD37E800BEEE41 /* flixsterUITests */ = {
			isa = PBXGroup;
			children = (
				ABB909E025AD37E800BEEE41 /* flixsterUITests.swift */,
				ABB909E225AD37E800BEEE41 /* Info.plist */,
			);
			path = flixsterUITests;
			sourceTree = "<group>";
		};
/* End PBXGroup section */

/* Begin PBXNativeTarget section */
		ABB909BA25AD37E700BEEE41 /* flixster */ = {
			isa = PBXNativeTarget;
			buildConfigurationList = ABB909E525AD37E800BEEE41 /* Build configuration list for PBXNativeTarget "flixster" */;
			buildPhases = (
				ABB909B725AD37E700BEEE41 /* Sources */,
				ABB909B825AD37E700BEEE41 /* Frameworks */,
				ABB909B925AD37E700BEEE41 /* Resources */,
			);
			buildRules = (
			);
			dependencies = (
			);
			name = flixster;
			productName = flixster;
			productReference = ABB909BB25AD37E700BEEE41 /* flixster.app */;
			productType = "com.apple.product-type.application";
		};
		ABB909D025AD37E800BEEE41 /* flixsterTests */ = {
			isa = PBXNativeTarget;
			buildConfigurationList = ABB909E825AD37E800BEEE41 /* Build configuration list for PBXNativeTarget "flixsterTests" */;
			buildPhases = (
				ABB909CD25AD37E800BEEE41 /* Sources */,
				ABB909CE25AD37E800BEEE41 /* Frameworks */,
				ABB909CF25AD37E800BEEE41 /* Resources */,
			);
			buildRules = (
			);
			dependencies = (
				ABB909D325AD37E800BEEE41 /* PBXTargetDependency */,
			);
			name = flixsterTests;
			productName = flixsterTests;
			productReference = ABB909D125AD37E800BEEE41 /* flixsterTests.xctest */;
			productType = "com.apple.product-type.bundle.unit-test";
		};
		ABB909DB25AD37E800BEEE41 /* flixsterUITests */ = {
			isa = PBXNativeTarget;
			buildConfigurationList = ABB909EB25AD37E800BEEE41 /* Build configuration list for PBXNativeTarget "flixsterUITests" */;
			buildPhases = (
				ABB909D825AD37E800BEEE41 /* Sources */,
				ABB909D925AD37E800BEEE41 /* Frameworks */,
				ABB909DA25AD37E800BEEE41 /* Resources */,
			);
			buildRules = (
			);
			dependencies = (
				ABB909DE25AD37E800BEEE41 /* PBXTargetDependency */,
			);
			name = flixsterUITests;
			productName = flixsterUITests;
			productReference = ABB909DC25AD37E800BEEE41 /* flixsterUITests.xctest */;
			productType = "com.apple.product-type.bundle.ui-testing";
		};
/* End PBXNativeTarget section */

/* Begin PBXProject section */
		ABB909B325AD37E700BEEE41 /* Project object */ = {
			isa = PBXProject;
			attributes = {
				LastSwiftUpdateCheck = 1220;
				LastUpgradeCheck = 1220;
				TargetAttributes = {
					ABB909BA25AD37E700BEEE41 = {
						CreatedOnToolsVersion = 12.2;
					};
					ABB909D025AD37E800BEEE41 = {
						CreatedOnToolsVersion = 12.2;
						TestTargetID = ABB909BA25AD37E700BEEE41;
					};
					ABB909DB25AD37E800BEEE41 = {
						CreatedOnToolsVersion = 12.2;
						TestTargetID = ABB909BA25AD37E700BEEE41;
					};
				};
			};
			buildConfigurationList = ABB909B625AD37E700BEEE41 /* Build configuration list for PBXProject "flixster" */;
			compatibilityVersion = "Xcode 9.3";
			developmentRegion = en;
			hasScannedForEncodings = 0;
			knownRegions = (
				en,
				Base,
			);
			mainGroup = ABB909B225AD37E700BEEE41;
			productRefGroup = ABB909BC25AD37E700BEEE41 /* Products */;
			projectDirPath = "";
			projectRoot = "";
			targets = (
				ABB909BA25AD37E700BEEE41 /* flixster */,
				ABB909D025AD37E800BEEE41 /* flixsterTests */,
				ABB909DB25AD37E800BEEE41 /* flixsterUITests */,
			);
		};
/* End PBXProject section */

/* Begin PBXResourcesBuildPhase section */
		ABB909B925AD37E700BEEE41 /* Resources */ = {
			isa = PBXResourcesBuildPhase;
			buildActionMask = 2147483647;
			files = (
				ABB909CB25AD37E800BEEE41 /* LaunchScreen.storyboard in Resources */,
				ABB909C825AD37E800BEEE41 /* Assets.xcassets in Resources */,
				ABB909C625AD37E700BEEE41 /* Main.storyboard in Resources */,
			);
			runOnlyForDeploymentPostprocessing = 0;
		};
		ABB909CF25AD37E800BEEE41 /* Resources */ = {
			isa = PBXResourcesBuildPhase;
			buildActionMask = 2147483647;
			files = (
			);
			runOnlyForDeploymentPostprocessing = 0;
		};
		ABB909DA25AD37E800BEEE41 /* Resources */ = {
			isa = PBXResourcesBuildPhase;
			buildActionMask = 2147483647;
			files = (
			);
			runOnlyForDeploymentPostprocessing = 0;
		};
/* End PBXResourcesBuildPhase section */

/* Begin PBXSourcesBuildPhase section */
		ABB909B725AD37E700BEEE41 /* Sources */ = {
			isa = PBXSourcesBuildPhase;
			buildActionMask = 2147483647;
			files = (
				ABB909C325AD37E700BEEE41 /* ViewController.swift in Sources */,
				ABB909BF25AD37E700BEEE41 /* AppDelegate.swift in Sources */,
				ABB909C125AD37E700BEEE41 /* SceneDelegate.swift in Sources */,
			);
			runOnlyForDeploymentPostprocessing = 0;
		};
		ABB909CD25AD37E800BEEE41 /* Sources */ = {
			isa = PBXSourcesBuildPhase;
			buildActionMask = 2147483647;
			files = (
				ABB909D625AD37E800BEEE41 /* flixsterTests.swift in Sources */,
			);
			runOnlyForDeploymentPostprocessing = 0;
		};
		ABB909D825AD37E800BEEE41 /* Sources */ = {
			isa = PBXSourcesBuildPhase;
			buildActionMask = 2147483647;
			files = (
				ABB909E125AD37E800BEEE41 /* flixsterUITests.swift in Sources */,
			);
			runOnlyForDeploymentPostprocessing = 0;
		};
/* End PBXSourcesBuildPhase section */

/* Begin PBXTargetDependency section */
		ABB909D325AD37E800BEEE41 /* PBXTargetDependency */ = {
			isa = PBXTargetDependency;
			target = ABB909BA25AD37E700BEEE41 /* flixster */;
			targetProxy = ABB909D225AD37E800BEEE41 /* PBXContainerItemProxy */;
		};
		ABB909DE25AD37E800BEEE41 /* PBXTargetDependency */ = {
			isa = PBXTargetDependency;
			target = ABB909BA25AD37E700BEEE41 /* flixster */;
			targetProxy = ABB909DD25AD37E800BEEE41 /* PBXContainerItemProxy */;
		};
/* End PBXTargetDependency section */

/* Begin PBXVariantGroup section */
		ABB909C425AD37E700BEEE41 /* Main.storyboard */ = {
			isa = PBXVariantGroup;
			children = (
				ABB909C525AD37E700BEEE41 /* Base */,
			);
			name = Main.storyboard;
			sourceTree = "<group>";
		};
		ABB909C925AD37E800BEEE41 /* LaunchScreen.storyboard */ = {
			isa = PBXVariantGroup;
			children = (
				ABB909CA25AD37E800BEEE41 /* Base */,
			);
			name = LaunchScreen.storyboard;
			sourceTree = "<group>";
		};
/* End PBXVariantGroup section */

/* Begin XCBuildConfiguration section */
		ABB909E325AD37E800BEEE41 /* Debug */ = {
			isa = XCBuildConfiguration;
			buildSettings = {
				ALWAYS_SEARCH_USER_PATHS = NO;
				CLANG_ANALYZER_NONNULL = YES;
				CLANG_ANALYZER_NUMBER_OBJECT_CONVERSION = YES_AGGRESSIVE;
				CLANG_CXX_LANGUAGE_STANDARD = "gnu++14";
				CLANG_CXX_LIBRARY = "libc++";
				CLANG_ENABLE_MODULES = YES;
				CLANG_ENABLE_OBJC_ARC = YES;
				CLANG_ENABLE_OBJC_WEAK = YES;
				CLANG_WARN_BLOCK_CAPTURE_AUTORELEASING = YES;
				CLANG_WARN_BOOL_CONVERSION = YES;
				CLANG_WARN_COMMA = YES;
				CLANG_WARN_CONSTANT_CONVERSION = YES;
				CLANG_WARN_DEPRECATED_OBJC_IMPLEMENTATIONS = YES;
				CLANG_WARN_DIRECT_OBJC_ISA_USAGE = YES_ERROR;
				CLANG_WARN_DOCUMENTATION_COMMENTS = YES;
				CLANG_WARN_EMPTY_BODY = YES;
				CLANG_WARN_ENUM_CONVERSION = YES;
				CLANG_WARN_INFINITE_RECURSION = YES;
				CLANG_WARN_INT_CONVERSION = YES;
				CLANG_WARN_NON_LITERAL_NULL_CONVERSION = YES;
				CLANG_WARN_OBJC_IMPLICIT_RETAIN_SELF = YES;
				CLANG_WARN_OBJC_LITERAL_CONVERSION = YES;
				CLANG_WARN_OBJC_ROOT_CLASS = YES_ERROR;
				CLANG_WARN_QUOTED_INCLUDE_IN_FRAMEWORK_HEADER = YES;
				CLANG_WARN_RANGE_LOOP_ANALYSIS = YES;
				CLANG_WARN_STRICT_PROTOTYPES = YES;
				CLANG_WARN_SUSPICIOUS_MOVE = YES;
				CLANG_WARN_UNGUARDED_AVAILABILITY = YES_AGGRESSIVE;
				CLANG_WARN_UNREACHABLE_CODE = YES;
				CLANG_WARN__DUPLICATE_METHOD_MATCH = YES;
				COPY_PHASE_STRIP = NO;
				DEBUG_INFORMATION_FORMAT = dwarf;
				ENABLE_STRICT_OBJC_MSGSEND = YES;
				ENABLE_TESTABILITY = YES;
				GCC_C_LANGUAGE_STANDARD = gnu11;
				GCC_DYNAMIC_NO_PIC = NO;
				GCC_NO_COMMON_BLOCKS = YES;
				GCC_OPTIMIZATION_LEVEL = 0;
				GCC_PREPROCESSOR_DEFINITIONS = (
					"DEBUG=1",
					"$(inherited)",
				);
				GCC_WARN_64_TO_32_BIT_CONVERSION = YES;
				GCC_WARN_ABOUT_RETURN_TYPE = YES_ERROR;
				GCC_WARN_UNDECLARED_SELECTOR = YES;
				GCC_WARN_UNINITIALIZED_AUTOS = YES_AGGRESSIVE;
				GCC_WARN_UNUSED_FUNCTION = YES;
				GCC_WARN_UNUSED_VARIABLE = YES;
				IPHONEOS_DEPLOYMENT_TARGET = 14.2;
				MTL_ENABLE_DEBUG_INFO = INCLUDE_SOURCE;
				MTL_FAST_MATH = YES;
				ONLY_ACTIVE_ARCH = YES;
				SDKROOT = iphoneos;
				SWIFT_ACTIVE_COMPILATION_CONDITIONS = DEBUG;
				SWIFT_OPTIMIZATION_LEVEL = "-Onone";
			};
			name = Debug;
		};
		ABB909E425AD37E800BEEE41 /* Release */ = {
			isa = XCBuildConfiguration;
			buildSettings = {
				ALWAYS_SEARCH_USER_PATHS = NO;
				CLANG_ANALYZER_NONNULL = YES;
				CLANG_ANALYZER_NUMBER_OBJECT_CONVERSION = YES_AGGRESSIVE;
				CLANG_CXX_LANGUAGE_STANDARD = "gnu++14";
				CLANG_CXX_LIBRARY = "libc++";
				CLANG_ENABLE_MODULES = YES;
				CLANG_ENABLE_OBJC_ARC = YES;
				CLANG_ENABLE_OBJC_WEAK = YES;
				CLANG_WARN_BLOCK_CAPTURE_AUTORELEASING = YES;
				CLANG_WARN_BOOL_CONVERSION = YES;
				CLANG_WARN_COMMA = YES;
				CLANG_WARN_CONSTANT_CONVERSION = YES;
				CLANG_WARN_DEPRECATED_OBJC_IMPLEMENTATIONS = YES;
				CLANG_WARN_DIRECT_OBJC_ISA_USAGE = YES_ERROR;
				CLANG_WARN_DOCUMENTATION_COMMENTS = YES;
				CLANG_WARN_EMPTY_BODY = YES;
				CLANG_WARN_ENUM_CONVERSION = YES;
				CLANG_WARN_INFINITE_RECURSION = YES;
				CLANG_WARN_INT_CONVERSION = YES;
				CLANG_WARN_NON_LITERAL_NULL_CONVERSION = YES;
				CLANG_WARN_OBJC_IMPLICIT_RETAIN_SELF = YES;
				CLANG_WARN_OBJC_LITERAL_CONVERSION = YES;
				CLANG_WARN_OBJC_ROOT_CLASS = YES_ERROR;
				CLANG_WARN_QUOTED_INCLUDE_IN_FRAMEWORK_HEADER = YES;
				CLANG_WARN_RANGE_LOOP_ANALYSIS = YES;
				CLANG_WARN_STRICT_PROTOTYPES = YES;
				CLANG_WARN_SUSPICIOUS_MOVE = YES;
				CLANG_WARN_UNGUARDED_AVAILABILITY = YES_AGGRESSIVE;
				CLANG_WARN_UNREACHABLE_CODE = YES;
				CLANG_WARN__DUPLICATE_METHOD_MATCH = YES;
				COPY_PHASE_STRIP = NO;
				DEBUG_INFORMATION_FORMAT = "dwarf-with-dsym";
				ENABLE_NS_ASSERTIONS = NO;
				ENABLE_STRICT_OBJC_MSGSEND = YES;
				GCC_C_LANGUAGE_STANDARD = gnu11;
				GCC_NO_COMMON_BLOCKS = YES;
				GCC_WARN_64_TO_32_BIT_CONVERSION = YES;
				GCC_WARN_ABOUT_RETURN_TYPE = YES_ERROR;
				GCC_WARN_UNDECLARED_SELECTOR = YES;
				GCC_WARN_UNINITIALIZED_AUTOS = YES_AGGRESSIVE;
				GCC_WARN_UNUSED_FUNCTION = YES;
				GCC_WARN_UNUSED_VARIABLE = YES;
				IPHONEOS_DEPLOYMENT_TARGET = 14.2;
				MTL_ENABLE_DEBUG_INFO = NO;
				MTL_FAST_MATH = YES;
				SDKROOT = iphoneos;
				SWIFT_COMPILATION_MODE = wholemodule;
				SWIFT_OPTIMIZATION_LEVEL = "-O";
				VALIDATE_PRODUCT = YES;
			};
			name = Release;
		};
		ABB909E625AD37E800BEEE41 /* Debug */ = {
			isa = XCBuildConfiguration;
			buildSettings = {
				ASSETCATALOG_COMPILER_APPICON_NAME = AppIcon;
				ASSETCATALOG_COMPILER_GLOBAL_ACCENT_COLOR_NAME = AccentColor;
				CODE_SIGN_STYLE = Automatic;
				INFOPLIST_FILE = flixster/Info.plist;
				LD_RUNPATH_SEARCH_PATHS = (
					"$(inherited)",
					"@executable_path/Frameworks",
				);
				PRODUCT_BUNDLE_IDENTIFIER = "jingwenli0851-gmail.com.flixster";
				PRODUCT_NAME = "$(TARGET_NAME)";
				SWIFT_VERSION = 5.0;
				TARGETED_DEVICE_FAMILY = "1,2";
			};
			name = Debug;
		};
		ABB909E725AD37E800BEEE41 /* Release */ = {
			isa = XCBuildConfiguration;
			buildSettings = {
				ASSETCATALOG_COMPILER_APPICON_NAME = AppIcon;
				ASSETCATALOG_COMPILER_GLOBAL_ACCENT_COLOR_NAME = AccentColor;
				CODE_SIGN_STYLE = Automatic;
				INFOPLIST_FILE = flixster/Info.plist;
				LD_RUNPATH_SEARCH_PATHS = (
					"$(inherited)",
					"@executable_path/Frameworks",
				);
				PRODUCT_BUNDLE_IDENTIFIER = "jingwenli0851-gmail.com.flixster";
				PRODUCT_NAME = "$(TARGET_NAME)";
				SWIFT_VERSION = 5.0;
				TARGETED_DEVICE_FAMILY = "1,2";
			};
			name = Release;
		};
		ABB909E925AD37E800BEEE41 /* Debug */ = {
			isa = XCBuildConfiguration;
			buildSettings = {
				ALWAYS_EMBED_SWIFT_STANDARD_LIBRARIES = YES;
				BUNDLE_LOADER = "$(TEST_HOST)";
				CODE_SIGN_STYLE = Automatic;
				INFOPLIST_FILE = flixsterTests/Info.plist;
				IPHONEOS_DEPLOYMENT_TARGET = 14.2;
				LD_RUNPATH_SEARCH_PATHS = (
					"$(inherited)",
					"@executable_path/Frameworks",
					"@loader_path/Frameworks",
				);
				PRODUCT_BUNDLE_IDENTIFIER = "jingwenli0851-gmail.com.flixsterTests";
				PRODUCT_NAME = "$(TARGET_NAME)";
				SWIFT_VERSION = 5.0;
				TARGETED_DEVICE_FAMILY = "1,2";
				TEST_HOST = "$(BUILT_PRODUCTS_DIR)/flixster.app/flixster";
			};
			name = Debug;
		};
		ABB909EA25AD37E800BEEE41 /* Release */ = {
			isa = XCBuildConfiguration;
			buildSettings = {
				ALWAYS_EMBED_SWIFT_STANDARD_LIBRARIES = YES;
				BUNDLE_LOADER = "$(TEST_HOST)";
				CODE_SIGN_STYLE = Automatic;
				INFOPLIST_FILE = flixsterTests/Info.plist;
				IPHONEOS_DEPLOYMENT_TARGET = 14.2;
				LD_RUNPATH_SEARCH_PATHS = (
					"$(inherited)",
					"@executable_path/Frameworks",
					"@loader_path/Frameworks",
				);
				PRODUCT_BUNDLE_IDENTIFIER = "jingwenli0851-gmail.com.flixsterTests";
				PRODUCT_NAME = "$(TARGET_NAME)";
				SWIFT_VERSION = 5.0;
				TARGETED_DEVICE_FAMILY = "1,2";
				TEST_HOST = "$(BUILT_PRODUCTS_DIR)/flixster.app/flixster";
			};
			name = Release;
		};
		ABB909EC25AD37E800BEEE41 /* Debug */ = {
			isa = XCBuildConfiguration;
			buildSettings = {
				ALWAYS_EMBED_SWIFT_STANDARD_LIBRARIES = YES;
				CODE_SIGN_STYLE = Automatic;
				INFOPLIST_FILE = flixsterUITests/Info.plist;
				LD_RUNPATH_SEARCH_PATHS = (
					"$(inherited)",
					"@executable_path/Frameworks",
					"@loader_path/Frameworks",
				);
				PRODUCT_BUNDLE_IDENTIFIER = "jingwenli0851-gmail.com.flixsterUITests";
				PRODUCT_NAME = "$(TARGET_NAME)";
				SWIFT_VERSION = 5.0;
				TARGETED_DEVICE_FAMILY = "1,2";
				TEST_TARGET_NAME = flixster;
			};
			name = Debug;
		};
		ABB909ED25AD37E800BEEE41 /* Release */ = {
			isa = XCBuildConfiguration;
			buildSettings = {
				ALWAYS_EMBED_SWIFT_STANDARD_LIBRARIES = YES;
				CODE_SIGN_STYLE = Automatic;
				INFOPLIST_FILE = flixsterUITests/Info.plist;
				LD_RUNPATH_SEARCH_PATHS = (
					"$(inherited)",
					"@executable_path/Frameworks",
					"@loader_path/Frameworks",
				);
				PRODUCT_BUNDLE_IDENTIFIER = "jingwenli0851-gmail.com.flixsterUITests";
				PRODUCT_NAME = "$(TARGET_NAME)";
				SWIFT_VERSION = 5.0;
				TARGETED_DEVICE_FAMILY = "1,2";
				TEST_TARGET_NAME = flixster;
			};
			name = Release;
		};
/* End XCBuildConfiguration section */

/* Begin XCConfigurationList section */
		ABB909B625AD37E700BEEE41 /* Build configuration list for PBXProject "flixster" */ = {
			isa = XCConfigurationList;
			buildConfigurations = (
				ABB909E325AD37E800BEEE41 /* Debug */,
				ABB909E425AD37E800BEEE41 /* Release */,
			);
			defaultConfigurationIsVisible = 0;
			defaultConfigurationName = Release;
		};
		ABB909E525AD37E800BEEE41 /* Build configuration list for PBXNativeTarget "flixster" */ = {
			isa = XCConfigurationList;
			buildConfigurations = (
				ABB909E625AD37E800BEEE41 /* Debug */,
				ABB909E725AD37E800BEEE41 /* Release */,
			);
			defaultConfigurationIsVisible = 0;
			defaultConfigurationName = Release;
		};
		ABB909E825AD37E800BEEE41 /* Build configuration list for PBXNativeTarget "flixsterTests" */ = {
			isa = XCConfigurationList;
			buildConfigurations = (
				ABB909E925AD37E800BEEE41 /* Debug */,
				ABB909EA25AD37E800BEEE41 /* Release */,
			);
			defaultConfigurationIsVisible = 0;
			defaultConfigurationName = Release;
		};
		ABB909EB25AD37E800BEEE41 /* Build configuration list for PBXNativeTarget "flixsterUITests" */ = {
			isa = XCConfigurationList;
			buildConfigurations = (
				ABB909EC25AD37E800BEEE41 /* Debug */,
				ABB909ED25AD37E800BEEE41 /* Release */,
			);
			defaultConfigurationIsVisible = 0;
			defaultConfigurationName = Release;
		};
/* End XCConfigurationList section */
	};
	rootObject = ABB909B325AD37E700BEEE41 /* Project object */;
}
